
Microsoft Visual Studio Solution File, Format Version 12.00
# Visual Studio Version 17
VisualStudioVersion = 17.9.34723.18
MinimumVisualStudioVersion = 10.0.40219.1
Project("{FAE04EC0-301F-11D3-BF4B-00C04F79EFBC}") = "GameLoopPattern", "GameLoopPattern\GameLoopPattern.csproj", "{D7B7BC9D-579D-47EB-ABD3-875A71F08FD1}"
EndProject
Global
	GlobalSection(SolutionConfigurationPlatforms) = preSolution
		Debug|Any CPU = Debug|Any CPU
		Release|Any CPU = Release|Any CPU
	EndGlobalSection
	GlobalSection(ProjectConfigurationPlatforms) = postSolution
		{D7B7BC9D-579D-47EB-ABD3-875A71F08FD1}.Debug|Any CPU.ActiveCfg = Debug|Any CPU
		{D7B7BC9D-579D-47EB-ABD3-875A71F08FD1}.Debug|Any CPU.Build.0 = Debug|Any CPU
		{D7B7BC9D-579D-47EB-ABD3-875A71F08FD1}.Release|Any CPU.ActiveCfg = Release|Any CPU
		{D7B7BC9D-579D-47EB-ABD3-875A71F08FD1}.Release|Any CPU.Build.0 = Release|Any CPU
	EndGlobalSection
	GlobalSection(SolutionProperties) = preSolution
		HideSolutionNode = FALSE
	EndGlobalSection
	GlobalSection(ExtensibilityGlobals) = postSolution
		SolutionGuid = {2B014A3D-53A2-406C-A03F-712EF38BB542}
	EndGlobalSection
EndGlobal
